
Microsoft Visual Studio Solution File, Format Version 12.00
# Visual Studio 15
VisualStudioVersion = 15.0.28010.2050
MinimumVisualStudioVersion = 10.0.40219.1
Project("{FAE04EC0-301F-11D3-BF4B-00C04F79EFBC}") = "Connect4", "Connect4\Connect4.csproj", "{A115AF09-9594-4516-9813-AE22CE0E0D11}"
EndProject
Project("{FAE04EC0-301F-11D3-BF4B-00C04F79EFBC}") = "UnitTests", "UnitTests\UnitTests.csproj", "{324C297D-E4D1-45BB-A799-3767A313A22D}"
EndProject
Global
	GlobalSection(SolutionConfigurationPlatforms) = preSolution
		Debug|Any CPU = Debug|Any CPU
		Debug|x64 = Debug|x64
		Debug|x86 = Debug|x86
		Release|Any CPU = Release|Any CPU
		Release|x64 = Release|x64
		Release|x86 = Release|x86
		Testing|Any CPU = Testing|Any CPU
		Testing|x64 = Testing|x64
		Testing|x86 = Testing|x86
	EndGlobalSection
	GlobalSection(ProjectConfigurationPlatforms) = postSolution
		{A115AF09-9594-4516-9813-AE22CE0E0D11}.Debug|Any CPU.ActiveCfg = Debug|x64
		{A115AF09-9594-4516-9813-AE22CE0E0D11}.Debug|Any CPU.Build.0 = Debug|x64
		{A115AF09-9594-4516-9813-AE22CE0E0D11}.Debug|x64.ActiveCfg = Debug|x64
		{A115AF09-9594-4516-9813-AE22CE0E0D11}.Debug|x64.Build.0 = Debug|x64
		{A115AF09-9594-4516-9813-AE22CE0E0D11}.Debug|x86.ActiveCfg = Debug|x86
		{A115AF09-9594-4516-9813-AE22CE0E0D11}.Debug|x86.Build.0 = Debug|x86
		{A115AF09-9594-4516-9813-AE22CE0E0D11}.Release|Any CPU.ActiveCfg = Release|x64
		{A115AF09-9594-4516-9813-AE22CE0E0D11}.Release|Any CPU.Build.0 = Release|x64
		{A115AF09-9594-4516-9813-AE22CE0E0D11}.Release|x64.ActiveCfg = Release|x64
		{A115AF09-9594-4516-9813-AE22CE0E0D11}.Release|x64.Build.0 = Release|x64
		{A115AF09-9594-4516-9813-AE22CE0E0D11}.Release|x86.ActiveCfg = Release|x86
		{A115AF09-9594-4516-9813-AE22CE0E0D11}.Release|x86.Build.0 = Release|x86
		{A115AF09-9594-4516-9813-AE22CE0E0D11}.Testing|Any CPU.ActiveCfg = Testing|Any CPU
		{A115AF09-9594-4516-9813-AE22CE0E0D11}.Testing|Any CPU.Build.0 = Testing|Any CPU
		{A115AF09-9594-4516-9813-AE22CE0E0D11}.Testing|x64.ActiveCfg = Testing|x64
		{A115AF09-9594-4516-9813-AE22CE0E0D11}.Testing|x64.Build.0 = Testing|x64
		{A115AF09-9594-4516-9813-AE22CE0E0D11}.Testing|x86.ActiveCfg = Testing|Any CPU
		{A115AF09-9594-4516-9813-AE22CE0E0D11}.Testing|x86.Build.0 = Testing|Any CPU
		{324C297D-E4D1-45BB-A799-3767A313A22D}.Debug|Any CPU.ActiveCfg = Debug|Any CPU
		{324C297D-E4D1-45BB-A799-3767A313A22D}.Debug|Any CPU.Build.0 = Debug|Any CPU
		{324C297D-E4D1-45BB-A799-3767A313A22D}.Debug|x64.ActiveCfg = Debug|Any CPU
		{324C297D-E4D1-45BB-A799-3767A313A22D}.Debug|x64.Build.0 = Debug|Any CPU
		{324C297D-E4D1-45BB-A799-3767A313A22D}.Debug|x86.ActiveCfg = Debug|Any CPU
		{324C297D-E4D1-45BB-A799-3767A313A22D}.Debug|x86.Build.0 = Debug|Any CPU
		{324C297D-E4D1-45BB-A799-3767A313A22D}.Release|Any CPU.ActiveCfg = Release|Any CPU
		{324C297D-E4D1-45BB-A799-3767A313A22D}.Release|Any CPU.Build.0 = Release|Any CPU
		{324C297D-E4D1-45BB-A799-3767A313A22D}.Release|x64.ActiveCfg = Release|Any CPU
		{324C297D-E4D1-45BB-A799-3767A313A22D}.Release|x64.Build.0 = Release|Any CPU
		{324C297D-E4D1-45BB-A799-3767A313A22D}.Release|x86.ActiveCfg = Release|Any CPU
		{324C297D-E4D1-45BB-A799-3767A313A22D}.Release|x86.Build.0 = Release|Any CPU
		{324C297D-E4D1-45BB-A799-3767A313A22D}.Testing|Any CPU.ActiveCfg = Testing|Any CPU
		{324C297D-E4D1-45BB-A799-3767A313A22D}.Testing|Any CPU.Build.0 = Testing|Any CPU
		{324C297D-E4D1-45BB-A799-3767A313A22D}.Testing|x64.ActiveCfg = Testing|Any CPU
		{324C297D-E4D1-45BB-A799-3767A313A22D}.Testing|x64.Build.0 = Testing|Any CPU
		{324C297D-E4D1-45BB-A799-3767A313A22D}.Testing|x86.ActiveCfg = Testing|Any CPU
		{324C297D-E4D1-45BB-A799-3767A313A22D}.Testing|x86.Build.0 = Testing|Any CPU
	EndGlobalSection
	GlobalSection(SolutionProperties) = preSolution
		HideSolutionNode = FALSE
	EndGlobalSection
	GlobalSection(ExtensibilityGlobals) = postSolution
		SolutionGuid = {5447F52B-2795-4C07-9E66-6B6FD3E6EEF8}
	EndGlobalSection
EndGlobal
